
Microsoft Visual Studio Solution File, Format Version 12.00
# Visual Studio 2015
Project("{FAE04EC0-301F-11D3-BF4B-00C04F79EFBC}") = "Element Master 3D.CSharp", "Element Master 3D.CSharp.csproj", "{07D84F32-0D3F-ED6B-BD6D-8F35AF81B66D}"
EndProject
Global
	GlobalSection(SolutionConfigurationPlatforms) = preSolution
		Debug|Any CPU = Debug|Any CPU
		Release|Any CPU = Release|Any CPU
	EndGlobalSection
	GlobalSection(ProjectConfigurationPlatforms) = postSolution
		{07D84F32-0D3F-ED6B-BD6D-8F35AF81B66D}.Debug|Any CPU.ActiveCfg = Debug|Any CPU
		{07D84F32-0D3F-ED6B-BD6D-8F35AF81B66D}.Debug|Any CPU.Build.0 = Debug|Any CPU
		{07D84F32-0D3F-ED6B-BD6D-8F35AF81B66D}.Release|Any CPU.ActiveCfg = Release|Any CPU
		{07D84F32-0D3F-ED6B-BD6D-8F35AF81B66D}.Release|Any CPU.Build.0 = Release|Any CPU
	EndGlobalSection
	GlobalSection(SolutionProperties) = preSolution
		HideSolutionNode = FALSE
	EndGlobalSection
EndGlobal
